<?xml version="1.0" encoding="utf-8"?>
<Project ToolsVersion="4.0" xmlns="http://schemas.microsoft.com/developer/msbuild/2003">
  <ItemGroup>
    <Filter Include="Source Files">
      <UniqueIdentifier>{cc49add7-bafd-4959-82de-9405d934926d}</UniqueIdentifier>
      <Extensions>cpp;c;cxx;rc;def;r;odl;idl;hpj;bat</Extensions>
    </Filter>
    <Filter Include="Header Files">
      <UniqueIdentifier>{7883e215-d5ae-473c-b663-e09102118226}</UniqueIdentifier>
      <Extensions>h;hpp;hxx;hm;inl</Extensions>
    </Filter>
    <Filter Include="Resource Files">
      <UniqueIdentifier>{c5902df9-6a80-4411-81f9-aebbc5052316}</UniqueIdentifier>
      <Extensions>ico;cur;bmp;dlg;rc2;rct;bin;rgs;gif;jpg;jpeg;jpe</Extensions>
    </Filter>
    <Filter Include="External Headers">
      <UniqueIdentifier>{437216e3-1b1c-4cd3-a1ca-7ad598648097}</UniqueIdentifier>
    </Filter>
  </ItemGroup>
  <ItemGroup>
    <ClCompile Include="Dynamic_uc480.cpp">
      <Filter>Source Files</Filter>
    </ClCompile>
    <ClCompile Include="StdAfx.cpp">
      <Filter>Source Files</Filter>
    </ClCompile>
    <ClCompile Include="uc480class.cpp">
      <Filter>Source Files</Filter>
    </ClCompile>
    <ClCompile Include="uc480Live.cpp">
      <Filter>Source Files</Filter>
    </ClCompile>
    <ClCompile Include="uc480LiveDlg.cpp">
      <Filter>Source Files</Filter>
    </ClCompile>
  </ItemGroup>
  <ItemGroup>
    <ClInclude Include="Dynamic_uc480.h">
      <Filter>Header Files</Filter>
    </ClInclude>
    <ClInclude Include="StdAfx.h">
      <Filter>Header Files</Filter>
    </ClInclude>
    <ClInclude Include="uc480_macro.h">
      <Filter>Header Files</Filter>
    </ClInclude>
    <ClInclude Include="uc480class.h">
      <Filter>Header Files</Filter>
    </ClInclude>
    <ClInclude Include="uc480Live.h">
      <Filter>Header Files</Filter>
    </ClInclude>
    <ClInclude Include="uc480LiveDlg.h">
      <Filter>Header Files</Filter>
    </ClInclude>
    <ClInclude Include="Resource.h">
      <Filter>Resource Files</Filter>
    </ClInclude>
    <ClInclude Include="uc480.h">
      <Filter>External Headers</Filter>
    </ClInclude>
    <ClInclude Include="uc480_deprecated.h">
      <Filter>External Headers</Filter>
    </ClInclude>
  </ItemGroup>
  <ItemGroup>
    <Image Include="res\OEM_LOGO_GREY_93_40.bmp">
      <Filter>Resource Files</Filter>
    </Image>
    <Image Include="res\uc480Live.ico">
      <Filter>Resource Files</Filter>
    </Image>
  </ItemGroup>
  <ItemGroup>
    <ResourceCompile Include="uc480Live.rc">
      <Filter>Resource Files</Filter>
    </ResourceCompile>
  </ItemGroup>
  <ItemGroup>
    <None Include="res\uc480Live.rc2">
      <Filter>Resource Files</Filter>
    </None>
  </ItemGroup>
  <ItemGroup>
    <CustomBuild Include="res\Live.manifest" />
    <CustomBuild Include="res\Live_64.manifest" />
  </ItemGroup>
</Project>